
Microsoft Visual Studio Solution File, Format Version 12.00
# Visual Studio Version 17
VisualStudioVersion = 17.14.36109.1
MinimumVisualStudioVersion = 10.0.40219.1
Project("{FAE04EC0-301F-11D3-BF4B-00C04F79EFBC}") = "AddressBook2025", "AddressBook2025\AddressBook2025.csproj", "{C480911B-C417-487B-9259-159CFD90BD3D}"
EndProject
Project("{FAE04EC0-301F-11D3-BF4B-00C04F79EFBC}") = "AddressBook2025.Client", "AddressBook2025.Client\AddressBook2025.Client.csproj", "{6037C0DB-E852-4ED0-AA77-A1A0EB785985}"
EndProject
Global
	GlobalSection(SolutionConfigurationPlatforms) = preSolution
		Debug|Any CPU = Debug|Any CPU
		Release|Any CPU = Release|Any CPU
	EndGlobalSection
	GlobalSection(ProjectConfigurationPlatforms) = postSolution
		{C480911B-C417-487B-9259-159CFD90BD3D}.Debug|Any CPU.ActiveCfg = Debug|Any CPU
		{C480911B-C417-487B-9259-159CFD90BD3D}.Debug|Any CPU.Build.0 = Debug|Any CPU
		{C480911B-C417-487B-9259-159CFD90BD3D}.Release|Any CPU.ActiveCfg = Release|Any CPU
		{C480911B-C417-487B-9259-159CFD90BD3D}.Release|Any CPU.Build.0 = Release|Any CPU
		{6037C0DB-E852-4ED0-AA77-A1A0EB785985}.Debug|Any CPU.ActiveCfg = Debug|Any CPU
		{6037C0DB-E852-4ED0-AA77-A1A0EB785985}.Debug|Any CPU.Build.0 = Debug|Any CPU
		{6037C0DB-E852-4ED0-AA77-A1A0EB785985}.Release|Any CPU.ActiveCfg = Release|Any CPU
		{6037C0DB-E852-4ED0-AA77-A1A0EB785985}.Release|Any CPU.Build.0 = Release|Any CPU
	EndGlobalSection
	GlobalSection(SolutionProperties) = preSolution
		HideSolutionNode = FALSE
	EndGlobalSection
	GlobalSection(ExtensibilityGlobals) = postSolution
		SolutionGuid = {4E7ED3E4-B491-4979-BE9B-B401C885DF81}
	EndGlobalSection
EndGlobal
